{
  "name": "ta3lemi-platform",
  "version": "1.0.0",
  "lockfileVersion": 3,
  "requires": true,
  "packages": {
    "": {
      "name": "ta3lemi-platform",
      "version": "1.0.0",
      "license": "MIT",
      "devDependencies": {
        "eslint": "^8.56.0",
        "eslint-config-google": "^0.14.0",
        "live-server": "^1.2.2",
        "prettier": "^3.1.1",
        "serve": "^14.2.1"
      },
      "engines": {
        "node": ">=14.0.0"
      }
    },
    "node_modules/@aashutoshrathi/word-wrap": {
      "version": "1.2.6",
      "resolved": "https://registry.npmjs.org/@aashutoshrathi/word-wrap/-/word-wrap-1.2.6.tgz",
      "dev": true,
      "license": "MIT",
      "engines": {
        "node": ">=0.10.0"
      }
    },
    "node_modules/@eslint-community/eslint-utils": {
      "version": "4.4.0",
      "resolved": "https://registry.npmjs.org/@eslint-community/eslint-utils/-/eslint-utils-4.4.0.tgz",
      "dev": true,
      "license": "MIT",
      "dependencies": {
        "eslint-visitor-keys": "^3.3.0"
      },
      "engines": {
        "node": "^12.22.0 || ^14.17.0 || >=16.0.0"
      },
      "peerDependencies": {
        "eslint": "^6.0.0 || ^7.0.0 || >=8.0.0"
      }
    },
    "node_modules/@eslint-community/regexpp": {
      "version": "4.10.0",
      "resolved": "https://registry.npmjs.org/@eslint-community/regexpp/-/regexpp-4.10.0.tgz",
      "dev": true,
      "license": "MIT",
      "engines": {
        "node": "^12.0.0 || ^14.0.0 || >=16.0.0"
      }
    },
    "node_modules/@eslint/eslintrc": {
      "version": "2.1.4",
      "resolved": "https://registry.npmjs.org/@eslint/eslintrc/-/eslintrc-2.1.4.tgz",
      "dev": true,
      "license": "MIT",
      "dependencies": {
        "ajv": "^6.12.4",
        "debug": "^4.3.2",
        "espree": "^9.6.0",
        "globals": "^13.19.0",
        "ignore": "^5.2.0",
        "import-fresh": "^3.2.1",
        "js-yaml": "^4.1.0",
        "minimatch": "^3.1.2",
        "strip-json-comments": "^3.1.1"
      },
      "engines": {
        "node": "^12.22.0 || ^14.17.0 || >=16.0.0"
      },
      "funding": {
        "url": "https://opencollective.com/eslint"
      }
    },
    "node_modules/@eslint/js": {
      "version": "8.56.0",
      "resolved": "https://registry.npmjs.org/@eslint/js/-/js-8.56.0.tgz",
      "dev": true,
      "license": "MIT",
      "engines": {
        "node": "^12.22.0 || ^14.17.0 || >=16.0.0"
      }
    },
    "node_modules/@humanwhocodes/config-array": {
      "version": "0.11.14",
      "resolved": "https://registry.npmjs.org/@humanwhocodes/config-array/-/config-array-0.11.14.tgz",
      "dev": true,
      "license": "Apache-2.0",
      "dependencies": {
        "@humanwhocodes/object-schema": "^2.0.2",
        "debug": "^4.3.1",
        "minimatch": "^3.0.5"
      },
      "engines": {
        "node": ">=10.10.0"
      }
    },
    "node_modules/@humanwhocodes/module-importer": {
      "version": "1.0.1",
      "resolved": "https://registry.npmjs.org/@humanwhocodes/module-importer/-/module-importer-1.0.1.tgz",
      "dev": true,
      "license": "Apache-2.0",
      "engines": {
        "node": ">=12.22"
      },
      "funding": {
        "type": "github",
        "url": "https://github.com/sponsors/nzakas"
      }
    },
    "node_modules/@humanwhocodes/object-schema": {
      "version": "2.0.2",
      "resolved": "https://registry.npmjs.org/@humanwhocodes/object-schema/-/object-schema-2.0.2.tgz",
      "dev": true,
      "license": "BSD-3-Clause"
    },
    "node_modules/@nodelib/fs.scandir": {
      "version": "2.1.5",
      "resolved": "https://registry.npmjs.org/@nodelib/fs.scandir/-/fs.scandir-2.1.5.tgz",
      "dev": true,
      "license": "MIT",
      "dependencies": {
        "@nodelib/fs.stat": "2.0.5",
        "run-parallel": "^1.1.9"
      },
      "engines": {
        "node": ">= 8"
      }
    },
    "node_modules/@nodelib/fs.stat": {
      "version": "2.0.5",
      "resolved": "https://registry.npmjs.org/@nodelib/fs.stat/-/fs.stat-2.0.5.tgz",
      "dev": true,
      "license": "MIT",
      "engines": {
        "node": ">= 8"
      }
    },
    "node_modules/@nodelib/fs.walk": {
      "version": "1.2.8",
      "resolved": "https://registry.npmjs.org/@nodelib/fs.walk/-/fs.walk-1.2.8.tgz",
      "dev": true,
      "license": "MIT",
      "dependencies": {
        "@nodelib/fs.scandir": "2.1.5",
        "fastq": "^1.6.0"
      },
      "engines": {
        "node": ">= 8"
      }
    },
    "node_modules/@ungap/structured-clone": {
      "version": "1.2.0",
      "resolved": "https://registry.npmjs.org/@ungap/structured-clone/-/structured-clone-1.2.0.tgz",
      "dev": true,
      "license": "ISC"
    },
    "node_modules/@zeit/schemas": {
      "version": "2.29.0",
      "resolved": "https://registry.npmjs.org/@zeit/schemas/-/schemas-2.29.0.tgz",
      "dev": true,
      "license": "MIT"
    },
    "node_modules/accepts": {
      "version": "1.3.8",
      "resolved": "https://registry.npmjs.org/accepts/-/accepts-1.3.8.tgz",
      "dev": true,
      "license": "MIT",
      "dependencies": {
        "mime-types": "~2.1.34",
        "negotiator": "0.6.3"
      },
      "engines": {
        "node": ">= 0.6"
      }
    },
    "node_modules/acorn": {
      "version": "8.11.3",
      "resolved": "https://registry.npmjs.org/acorn/-/acorn-8.11.3.tgz",
      "dev": true,
      "license": "MIT",
      "bin": {
        "acorn": "bin/acorn"
      },
      "engines": {
        "node": ">=0.4.0"
      }
    },
    "node_modules/acorn-jsx": {
      "version": "5.3.2",
      "resolved": "https://registry.npmjs.org/acorn-jsx/-/acorn-jsx-5.3.2.tgz",
      "dev": true,
      "license": "MIT",
      "peerDependencies": {
        "acorn": "^6.0.0 || ^7.0.0 || ^8.0.0"
      }
    },
    "node_modules/ajv": {
      "version": "6.12.6",
      "resolved": "https://registry.npmjs.org/ajv/-/ajv-6.12.6.tgz",
      "dev": true,
      "license": "MIT",
      "dependencies": {
        "fast-deep-equal": "^3.1.1",
        "fast-json-stable-stringify": "^2.0.0",
        "json-schema-traverse": "^0.4.1",
        "uri-js": "^4.2.2"
      },
      "funding": {
        "type": "github",
        "url": "https://github.com/ajv-validator/ajv"
      }
    },
    "node_modules/ansi-align": {
      "version": "3.0.1",
      "resolved": "https://registry.npmjs.org/ansi-align/-/ansi-align-3.0.1.tgz",
      "dev": true,
      "license": "ISC",
      "dependencies": {
        "string-width": "^4.1.0"
      }
    },
    "node_modules/ansi-regex": {
      "version": "5.0.1",
      "resolved": "https://registry.npmjs.org/ansi-regex/-/ansi-regex-5.0.1.tgz",
      "dev": true,
      "license": "MIT",
      "engines": {
        "node": ">=8"
      }
    },
    "node_modules/ansi-styles": {
      "version": "4.3.0",
      "resolved": "https://registry.npmjs.org/ansi-styles/-/ansi-styles-4.3.0.tgz",
      "dev": true,
      "license": "MIT",
      "dependencies": {
        "color-convert": "^2.0.1"
      },
      "engines": {
        "node": ">=8"
      },
      "funding": {
        "url": "https://github.com/chalk/ansi-styles?sponsor=1"
      }
    },
    "node_modules/anymatch": {
      "version": "2.0.0",
      "resolved": "https://registry.npmjs.org/anymatch/-/anymatch-2.0.0.tgz",
      "dev": true,
      "license": "ISC",
      "dependencies": {
        "micromatch": "^3.1.4",
        "normalize-path": "^2.1.1"
      }
    },
    "node_modules/apache-crypt": {
      "version": "1.2.6",
      "resolved": "https://registry.npmjs.org/apache-crypt/-/apache-crypt-1.2.6.tgz",
      "dev": true,
      "license": "MIT",
      "dependencies": {
        "unix-crypt-td-js": "^1.1.4"
      },
      "engines": {
        "node": ">=8"
      }
    },
    "node_modules/apache-md5": {
      "version": "1.1.8",
      "resolved": "https://registry.npmjs.org/apache-md5/-/apache-md5-1.1.8.tgz",
      "dev": true,
      "license": "MIT",
      "engines": {
        "node": ">=8"
      }
    },
    "node_modules/arch": {
      "version": "2.2.0",
      "resolved": "https://registry.npmjs.org/arch/-/arch-2.2.0.tgz",
      "dev": true,
      "funding": [
        {
          "type": "github",
          "url": "https://github.com/sponsors/feross"
        },
        {
          "type": "patreon",
          "url": "https://www.patreon.com/feross"
        },
        {
          "type": "consulting",
          "url": "https://feross.org/support"
        }
      ],
      "license": "MIT"
    },
    "node_modules/arg": {
      "version": "5.0.2",
      "resolved": "https://registry.npmjs.org/arg/-/arg-5.0.2.tgz",
      "dev": true,
      "license": "MIT"
    },
    "node_modules/argparse": {
      "version": "2.0.1",
      "resolved": "https://registry.npmjs.org/argparse/-/argparse-2.0.1.tgz",
      "dev": true,
      "license": "Python-2.0"
    },
    "node_modules/arr-diff": {
      "version": "4.0.0",
      "resolved": "https://registry.npmjs.org/arr-diff/-/arr-diff-4.0.0.tgz",
      "dev": true,
      "license": "MIT",
      "engines": {
        "node": ">=0.10.0"
      }
    },
    "node_modules/arr-flatten": {
      "version": "1.1.0",
      "resolved": "https://registry.npmjs.org/arr-flatten/-/arr-flatten-1.1.0.tgz",
      "dev": true,
      "license": "MIT",
      "engines": {
        "node": ">=0.10.0"
      }
    },
    "node_modules/arr-union": {
      "version": "3.1.0",
      "resolved": "https://registry.npmjs.org/arr-union/-/arr-union-3.1.0.tgz",
      "dev": true,
      "license": "MIT",
      "engines": {
        "node": ">=0.10.0"
      }
    },
    "node_modules/array-unique": {
      "version": "0.3.2",
      "resolved": "https://registry.npmjs.org/array-unique/-/array-unique-0.3.2.tgz",
      "dev": true,
      "license": "MIT",
      "engines": {
        "node": ">=0.10.0"
      }
    },
    "node_modules/assign-symbols": {
      "version": "1.0.0",
      "resolved": "https://registry.npmjs.org/assign-symbols/-/assign-symbols-1.0.0.tgz",
      "dev": true,
      "license": "MIT",
      "engines": {
        "node": ">=0.10.0"
      }
    },
    "node_modules/async-each": {
      "version": "1.0.6",
      "resolved": "https://registry.npmjs.org/async-each/-/async-each-1.0.6.tgz",
      "dev": true,
      "funding": [
        {
          "type": "individual",
          "url": "https://paulmillr.com/funding/"
        }
      ],
      "license": "MIT"
    },
    "node_modules/atob": {
      "version": "2.1.2",
      "resolved": "https://registry.npmjs.org/atob/-/atob-2.1.2.tgz",
      "dev": true,
      "license": "(MIT OR Apache-2.0)",
      "bin": {
        "atob": "bin/atob.js"
      },
      "engines": {
        "node": ">= 4.5.0"
      }
    },
    "node_modules/balanced-match": {
      "version": "1.0.2",
      "resolved": "https://registry.npmjs.org/balanced-match/-/balanced-match-1.0.2.tgz",
      "dev": true,
      "license": "MIT"
    },
    "node_modules/base": {
      "version": "0.11.2",
      "resolved": "https://registry.npmjs.org/base/-/base-0.11.2.tgz",
      "dev": true,
      "license": "MIT",
      "dependencies": {
        "cache-base": "^1.0.1",
        "class-utils": "^0.3.5",
        "component-emitter": "^1.2.1",
        "define-property": "^1.0.0",
        "isobject": "^3.0.1",
        "mixin-deep": "^1.2.0",
        "pascalcase": "^0.1.1"
      },
      "engines": {
        "node": ">=0.10.0"
      }
    },
    "node_modules/base/node_modules/define-property": {
      "version": "1.0.0",
      "resolved": "https://registry.npmjs.org/define-property/-/define-property-1.0.0.tgz",
      "dev": true,
      "license": "MIT",
      "dependencies": {
        "is-descriptor": "^1.0.0"
      },
      "engines": {
        "node": ">=0.10.0"
      }
    },
    "node_modules/basic-auth": {
      "version": "2.0.1",
      "resolved": "https://registry.npmjs.org/basic-auth/-/basic-auth-2.0.1.tgz",
      "dev": true,
      "license": "MIT",
      "dependencies": {
        "safe-buffer": "5.1.2"
      },
      "engines": {
        "node": ">= 0.8"
      }
    },
    "node_modules/batch": {
      "version": "0.6.1",
      "resolved": "https://registry.npmjs.org/batch/-/batch-0.6.1.tgz",
      "dev": true,
      "license": "MIT"
    },
    "node_modules/binary-extensions": {
      "version": "1.13.1",
      "resolved": "https://registry.npmjs.org/binary-extensions/-/binary-extensions-1.13.1.tgz",
      "dev": true,
      "license": "MIT",
      "engines": {
        "node": ">=0.10.0"
      }
    },
    "node_modules/bindings": {
      "version": "1.5.0",
      "resolved": "https://registry.npmjs.org/bindings/-/bindings-1.5.0.tgz",
      "dev": true,
      "license": "MIT",
      "optional": true,
      "dependencies": {
        "file-uri-to-path": "1.0.0"
      }
    },
    "node_modules/boxen": {
      "version": "7.0.0",
      "resolved": "https://registry.npmjs.org/boxen/-/boxen-7.0.0.tgz",
      "dev": true,
      "license": "MIT",
      "dependencies": {
        "ansi-align": "^3.0.1",
        "camelcase": "^7.0.0",
        "chalk": "^5.0.1",
        "cli-boxes": "^3.0.0",
        "string-width": "^5.1.2",
        "type-fest": "^2.13.0",
        "widest-line": "^4.0.1",
        "wrap-ansi": "^8.0.1"
      },
      "engines": {
        "node": ">=14.16"
      },
      "funding": {
        "url": "https://github.com/sponsors/sindresorhus"
      }
    },
    "node_modules/boxen/node_modules/ansi-regex": {
      "version": "6.0.1",
      "resolved": "https://registry.npmjs.org/ansi-regex/-/ansi-regex-6.0.1.tgz",
      "dev": true,
      "license": "MIT",
      "engines": {
        "node": ">=12"
      },
      "funding": {
        "url": "https://github.com/chalk/ansi-regex?sponsor=1"
      }
    },
    "node_modules/boxen/node_modules/emoji-regex": {
      "version": "9.2.2",
      "resolved": "https://registry.npmjs.org/emoji-regex/-/emoji-regex-9.2.2.tgz",
      "dev": true,
      "license": "MIT"
    },
    "node_modules/boxen/node_modules/string-width": {
      "version": "5.1.2",
      "resolved": "https://registry.npmjs.org/string-width/-/string-width-5.1.2.tgz",
      "dev": true,
      "license": "MIT",
      "dependencies": {
        "eastasianwidth": "^0.2.0",
        "emoji-regex": "^9.2.2",
        "strip-ansi": "^7.0.1"
      },
      "engines": {
        "node": ">=12"
      },
      "funding": {
        "url": "https://github.com/sponsors/sindresorhus"
      }
    },
    "node_modules/boxen/node_modules/strip-ansi": {
      "version": "7.1.0",
      "resolved": "https://registry.npmjs.org/strip-ansi/-/strip-ansi-7.1.0.tgz",
      "dev": true,
      "license": "MIT",
      "dependencies": {
        "ansi-regex": "^6.0.1"
      },
      "engines": {
        "node": ">=12"
      },
      "funding": {
        "url": "https://github.com/chalk/strip-ansi?sponsor=1"
      }
    },
    "node_modules/boxen/node_modules/type-fest": {
      "version": "2.19.0",
      "resolved": "https://registry.npmjs.org/type-fest/-/type-fest-2.19.0.tgz",
      "dev": true,
      "license": "(MIT OR CC0-1.0)",
      "engines": {
        "node": ">=12.20"
      },
      "funding": {
        "url": "https://github.com/sponsors/sindresorhus"
      }
    },
    "node_modules/brace-expansion": {
      "version": "1.1.11",
      "resolved": "https://registry.npmjs.org/brace-expansion/-/brace-expansion-1.1.11.tgz",
      "dev": true,
      "license": "MIT",
      "dependencies": {
        "balanced-match": "^1.0.0",
        "concat-map": "0.0.1"
      }
    },
    "node_modules/braces": {
      "version": "2.3.2",
      "resolved": "https://registry.npmjs.org/braces/-/braces-2.3.2.tgz",
      "dev": true,
      "license": "MIT",
      "dependencies": {
        "arr-flatten": "^1.1.0",
        "array-unique": "^0.3.2",
        "extend-shallow": "^2.0.1",
        "fill-range": "^4.0.0",
        "isobject": "^3.0.1",
        "repeat-element": "^1.1.2",
        "snapdragon": "^0.8.1",
        "snapdragon-node": "^2.0.1",
        "split-string": "^3.0.2",
        "to-regex": "^3.0.1"
      },
      "engines": {
        "node": ">=0.10.0"
      }
    },
    "node_modules/braces/node_modules/extend-shallow": {
      "version": "2.0.1",
      "resolved": "https://registry.npmjs.org/extend-shallow/-/extend-shallow-2.0.1.tgz",
      "dev": true,
      "license": "MIT",
      "dependencies": {
        "is-extendable": "^0.1.0"
      },
      "engines": {
        "node": ">=0.10.0"
      }
    },
    "node_modules/braces/node_modules/is-extendable": {
      "version": "0.1.1",
      "resolved": "https://registry.npmjs.org/is-extendable/-/is-extendable-0.1.1.tgz",
      "dev": true,
      "license": "MIT",
      "engines": {
        "node": ">=0.10.0"
      }
    },
    "node_modules/bytes": {
      "version": "3.0.0",
      "resolved": "https://registry.npmjs.org/bytes/-/bytes-3.0.0.tgz",
      "dev": true,
      "license": "MIT",
      "engines": {
        "node": ">= 0.8"
      }
    },
    "node_modules/cache-base": {
      "version": "1.0.1",
      "resolved": "https://registry.npmjs.org/cache-base/-/cache-base-1.0.1.tgz",
      "dev": true,
      "license": "MIT",
      "dependencies": {
        "collection-visit": "^1.0.0",
        "component-emitter": "^1.2.1",
        "get-value": "^2.0.6",
        "has-value": "^1.0.0",
        "isobject": "^3.0.1",
        "set-value": "^2.0.0",
        "to-object-path": "^0.3.0",
        "union-value": "^1.0.0",
        "unset-value": "^1.0.0"
      },
      "engines": {
        "node": ">=0.10.0"
      }
    },
    "node_modules/callsites": {
      "version": "3.1.0",
      "resolved": "https://registry.npmjs.org/callsites/-/callsites-3.1.0.tgz",
      "dev": true,
      "license": "MIT",
      "engines": {
        "node": ">=6"
      }
    },
    "node_modules/camelcase": {
      "version": "7.0.1",
      "resolved": "https://registry.npmjs.org/camelcase/-/camelcase-7.0.1.tgz",
      "dev": true,
      "license": "MIT",
      "engines": {
        "node": ">=14.16"
      },
      "funding": {
        "url": "https://github.com/sponsors/sindresorhus"
      }
    },
    "node_modules/chalk": {
      "version": "5.0.1",
      "resolved": "https://registry.npmjs.org/chalk/-/chalk-5.0.1.tgz",
      "dev": true,
      "license": "MIT",
      "engines": {
        "node": "^12.17.0 || ^14.13 || >=16.0.0"
      },
      "funding": {
        "url": "https://github.com/chalk/chalk?sponsor=1"
      }
    },
    "node_modules/chokidar": {
      "version": "2.1.8",
      "resolved": "https://registry.npmjs.org/chokidar/-/chokidar-2.1.8.tgz",
      "dev": true,
      "license": "MIT",
      "dependencies": {
        "anymatch": "^2.0.0",
        "async-each": "^1.0.1",
        "braces": "^2.3.2",
        "glob-parent": "^3.1.0",
        "inherits": "^2.0.3",
        "is-binary-path": "^1.0.0",
        "is-glob": "^4.0.0",
        "normalize-path": "^3.0.0",
        "path-is-absolute": "^1.0.0",
        "readdirp": "^2.2.1",
        "upath": "^1.1.1"
      },
      "optionalDependencies": {
        "fsevents": "^1.2.7"
      }
    },
    "node_modules/chokidar/node_modules/normalize-path": {
      "version": "3.0.0",
      "resolved": "https://registry.npmjs.org/normalize-path/-/normalize-path-3.0.0.tgz",
      "dev": true,
      "license": "MIT",
      "engines": {
        "node": ">=0.10.0"
      }
    },
    "node_modules/class-utils": {
      "version": "0.3.6",
      "resolved": "https://registry.npmjs.org/class-utils/-/class-utils-0.3.6.tgz",
      "dev": true,
      "license": "MIT",
      "dependencies": {
        "arr-union": "^3.1.0",
        "define-property": "^0.2.5",
        "isobject": "^3.0.0",
        "static-extend": "^0.1.1"
      },
      "engines": {
        "node": ">=0.10.0"
      }
    },
    "node_modules/class-utils/node_modules/define-property": {
      "version": "0.2.5",
      "resolved": "https://registry.npmjs.org/define-property/-/define-property-0.2.5.tgz",
      "dev": true,
      "license": "MIT",
      "dependencies": {
        "is-descriptor": "^0.1.0"
      },
      "engines": {
        "node": ">=0.10.0"
      }
    },
    "node_modules/class-utils/node_modules/is-descriptor": {
      "version": "0.1.7",
      "resolved": "https://registry.npmjs.org/is-descriptor/-/is-descriptor-0.1.7.tgz",
      "dev": true,
      "license": "MIT",
      "dependencies": {
        "is-accessor-descriptor": "^1.0.1",
        "is-data-descriptor": "^1.0.1"
      },
      "engines": {
        "node": ">= 0.4"
      }
    },
    "node_modules/cli-boxes": {
      "version": "3.0.0",
      "resolved": "https://registry.npmjs.org/cli-boxes/-/cli-boxes-3.0.0.tgz",
      "dev": true,
      "license": "MIT",
      "engines": {
        "node": ">=10"
      },
      "funding": {
        "url": "https://github.com/sponsors/sindresorhus"
      }
    },
    "node_modules/clipboardy": {
      "version": "3.0.0",
      "resolved": "https://registry.npmjs.org/clipboardy/-/clipboardy-3.0.0.tgz",
      "dev": true,
      "license": "MIT",
      "dependencies": {
        "arch": "^2.2.0",
        "execa": "^5.1.1",
        "is-wsl": "^2.2.0"
      },
      "engines": {
        "node": "^12.20.0 || ^14.13.1 || >=16.0.0"
      },
      "funding": {
        "url": "https://github.com/sponsors/sindresorhus"
      }
    },
    "node_modules/collection-visit": {
      "version": "1.0.0",
      "resolved": "https://registry.npmjs.org/collection-visit/-/collection-visit-1.0.0.tgz",
      "dev": true,
      "license": "MIT",
      "dependencies": {
        "map-visit": "^1.0.0",
        "object-visit": "^1.0.0"
      },
      "engines": {
        "node": ">=0.10.0"
      }
    },
    "node_modules/color-convert": {
      "version": "2.0.1",
      "resolved": "https://registry.npmjs.org/color-convert/-/color-convert-2.0.1.tgz",
      "dev": true,
      "license": "MIT",
      "dependencies": {
        "color-name": "~1.1.4"
      },
      "engines": {
        "node": ">=7.0.0"
      }
    },
    "node_modules/color-name": {
      "version": "1.1.4",
      "resolved": "https://registry.npmjs.org/color-name/-/color-name-1.1.4.tgz",
      "dev": true,
      "license": "MIT"
    },
    "node_modules/colors": {
      "version": "1.4.0",
      "resolved": "https://registry.npmjs.org/colors/-/colors-1.4.0.tgz",
      "dev": true,
      "license": "MIT",
      "engines": {
        "node": ">=0.1.90"
      }
    },
    "node_modules/component-emitter": {
      "version": "1.3.1",
      "resolved": "https://registry.npmjs.org/component-emitter/-/component-emitter-1.3.1.tgz",
      "dev": true,
      "license": "MIT"
    },
    "node_modules/compressible": {
      "version": "2.0.18",
      "resolved": "https://registry.npmjs.org/compressible/-/compressible-2.0.18.tgz",
      "dev": true,
      "license": "MIT",
      "dependencies": {
        "mime-db": ">= 1.43.0 < 2"
      },
      "engines": {
        "node": ">= 0.6"
      }
    },
    "node_modules/compression": {
      "version": "1.7.4",
      "resolved": "https://registry.npmjs.org/compression/-/compression-1.7.4.tgz",
      "dev": true,
      "license": "MIT",
      "dependencies": {
        "accepts": "~1.3.5",
        "bytes": "3.0.0",
        "compressible": "~2.0.16",
        "debug": "2.6.9",
        "on-headers": "~1.0.2",
        "safe-buffer": "5.1.2",
        "vary": "~1.1.2"
      },
      "engines": {
        "node": ">= 0.8.0"
      }
    },
    "node_modules/compression/node_modules/debug": {
      "version": "2.6.9",
      "resolved": "https://registry.npmjs.org/debug/-/debug-2.6.9.tgz",
      "dev": true,
      "license": "MIT",
      "dependencies": {
        "ms": "2.0.0"
      }
    },
    "node_modules/compression/node_modules/ms": {
      "version": "2.0.0",
      "resolved": "https://registry.npmjs.org/ms/-/ms-2.0.0.tgz",
      "dev": true,
      "license": "MIT"
    },
    "node_modules/concat-map": {
      "version": "0.0.1",
      "resolved": "https://registry.npmjs.org/concat-map/-/concat-map-0.0.1.tgz",
      "dev": true,
      "license": "MIT"
    },
    "node_modules/connect": {
      "version": "3.7.0",
      "resolved": "https://registry.npmjs.org/connect/-/connect-3.7.0.tgz",
      "dev": true,
      "license": "MIT",
      "dependencies": {
        "debug": "2.6.9",
        "finalhandler": "1.1.2",
        "parseurl": "~1.3.3",
        "utils-merge": "1.0.1"
      },
      "engines": {
        "node": ">= 0.10.0"
      }
    },
    "node_modules/connect/node_modules/debug": {
      "version": "2.6.9",
      "resolved": "https://registry.npmjs.org/debug/-/debug-2.6.9.tgz",
      "dev": true,
      "license": "MIT",
      "dependencies": {
        "ms": "2.0.0"
      }
    },
    "node_modules/connect/node_modules/ms": {
      "version": "2.0.0",
      "resolved": "https://registry.npmjs.org/ms/-/ms-2.0.0.tgz",
      "dev": true,
      "license": "MIT"
    },
    "node_modules/content-disposition": {
      "version": "0.5.2",
      "resolved": "https://registry.npmjs.org/content-disposition/-/content-disposition-0.5.2.tgz",
      "dev": true,
      "license": "MIT",
      "engines": {
        "node": ">= 0.6"
      }
    },
    "node_modules/copy-descriptor": {
      "version": "0.1.1",
      "resolved": "https://registry.npmjs.org/copy-descriptor/-/copy-descriptor-0.1.1.tgz",
      "dev": true,
      "license": "MIT",
      "engines": {
        "node": ">=0.10.0"
      }
    },
    "node_modules/cors": {
      "version": "2.8.5",
      "resolved": "https://registry.npmjs.org/cors/-/cors-2.8.5.tgz",
      "dev": true,
      "license": "MIT",
      "dependencies": {
        "object-assign": "^4",
        "vary": "^1"
      },
      "engines": {
        "node": ">= 0.10"
      }
    },
    "node_modules/cross-spawn": {
      "version": "7.0.3",
      "resolved": "https://registry.npmjs.org/cross-spawn/-/cross-spawn-7.0.3.tgz",
      "dev": true,
      "license": "MIT",
      "dependencies": {
        "path-key": "^3.1.0",
        "shebang-command": "^2.0.0",
        "which": "^2.0.1"
      },
      "engines": {
        "node": ">= 8"
      }
    },
    "node_modules/debug": {
      "version": "4.3.4",
      "resolved": "https://registry.npmjs.org/debug/-/debug-4.3.4.tgz",
      "dev": true,
      "license": "MIT",
      "dependencies": {
        "ms": "2.1.2"
      },
      "engines": {
        "node": ">=6.0"
      },
      "peerDependenciesMeta": {
        "supports-color": {
          "optional": true
        }
      }
    },
    "node_modules/decode-uri-component": {
      "version": "0.2.2",
      "resolved": "https://registry.npmjs.org/decode-uri-component/-/decode-uri-component-0.2.2.tgz",
      "dev": true,
      "license": "MIT",
      "engines": {
        "node": ">=0.10"
      }
    },
    "node_modules/deep-is": {
      "version": "0.1.4",
      "resolved": "https://registry.npmjs.org/deep-is/-/deep-is-0.1.4.tgz",
      "dev": true,
      "license": "MIT"
    },
    "node_modules/deepmerge": {
      "version": "4.3.1",
      "resolved": "https://registry.npmjs.org/deepmerge/-/deepmerge-4.3.1.tgz",
      "dev": true,
      "license": "MIT",
      "engines": {
        "node": ">=0.10.0"
      }
    },
    "node_modules/define-property": {
      "version": "2.0.2",
      "resolved": "https://registry.npmjs.org/define-property/-/define-property-2.0.2.tgz",
      "dev": true,
      "license": "MIT",
      "dependencies": {
        "is-descriptor": "^1.0.2",
        "isobject": "^3.0.1"
      },
      "engines": {
        "node": ">=0.10.0"
      }
    },
    "node_modules/depd": {
      "version": "2.0.0",
      "resolved": "https://registry.npmjs.org/depd/-/depd-2.0.0.tgz",
      "dev": true,
      "license": "MIT",
      "engines": {
        "node": ">= 0.8"
      }
    },
    "node_modules/destroy": {
      "version": "1.2.0",
      "resolved": "https://registry.npmjs.org/destroy/-/destroy-1.2.0.tgz",
      "dev": true,
      "license": "MIT",
      "engines": {
        "node": ">= 0.8",
        "npm": "1.2.8000 || >= 1.4.16"
      }
    },
    "node_modules/doctrine": {
      "version": "3.0.0",
      "resolved": "https://registry.npmjs.org/doctrine/-/doctrine-3.0.0.tgz",
      "dev": true,
      "license": "Apache-2.0",
      "dependencies": {
        "esutils": "^2.0.2"
      },
      "engines": {
        "node": ">=6.0.0"
      }
    },
    "node_modules/duplexer": {
      "version": "0.1.2",
      "resolved": "https://registry.npmjs.org/duplexer/-/duplexer-0.1.2.tgz",
      "dev": true,
      "license": "MIT"
    },
    "node_modules/eastasianwidth": {
      "version": "0.2.0",
      "resolved": "https://registry.npmjs.org/eastasianwidth/-/eastasianwidth-0.2.0.tgz",
      "dev": true,
      "license": "MIT"
    },
    "node_modules/ee-first": {
      "version": "1.1.1",
      "resolved": "https://registry.npmjs.org/ee-first/-/ee-first-1.1.1.tgz",
      "dev": true,
      "license": "MIT"
    },
    "node_modules/encodeurl": {
      "version": "1.0.2",
      "resolved": "https://registry.npmjs.org/encodeurl/-/encodeurl-1.0.2.tgz",
      "dev": true,
      "license": "MIT",
      "engines": {
        "node": ">= 0.8"
      }
    },
    "node_modules/escape-html": {
      "version": "1.0.3",
      "resolved": "https://registry.npmjs.org/escape-html/-/escape-html-1.0.3.tgz",
      "dev": true,
      "license": "MIT"
    },
    "node_modules/escape-string-regexp": {
      "version": "4.0.0",
      "resolved": "https://registry.npmjs.org/escape-string-regexp/-/escape-string-regexp-4.0.0.tgz",
      "dev": true,
      "license": "MIT",
      "engines": {
        "node": ">=10"
      },
      "funding": {
        "url": "https://github.com/sponsors/sindresorhus"
      }
    },
    "node_modules/eslint": {
      "version": "8.56.0",
      "resolved": "https://registry.npmjs.org/eslint/-/eslint-8.56.0.tgz",
      "dev": true,
      "license": "MIT",
      "dependencies": {
        "@eslint-community/eslint-utils": "^4.2.0",
        "@eslint-community/regexpp": "^4.6.1",
        "@eslint/eslintrc": "^2.1.4",
        "@eslint/js": "8.56.0",
        "@humanwhocodes/config-array": "^0.11.13",
        "@humanwhocodes/module-importer": "^1.0.1",
        "@nodelib/fs.walk": "^1.2.8",
        "@ungap/structured-clone": "^1.2.0",
        "ajv": "^6.12.4",
        "chalk": "^4.0.0",
        "cross-spawn": "^7.0.2",
        "debug": "^4.3.2",
        "doctrine": "^3.0.0",
        "escape-string-regexp": "^4.0.0",
        "eslint-scope": "^7.2.2",
        "eslint-visitor-keys": "^3.4.3",
        "espree": "^9.6.1",
        "esquery": "^1.4.2",
        "esutils": "^2.0.2",
        "fast-deep-equal": "^3.1.3",
        "file-entry-cache": "^6.0.1",
        "find-up": "^5.0.0",
        "glob-parent": "^6.0.2",
        "globals": "^13.19.0",
        "graphemer": "^1.4.0",
        "ignore": "^5.2.0",
        "imurmurhash": "^0.1.4",
        "is-glob": "^4.0.0",
        "is-path-inside": "^3.0.3",
        "js-yaml": "^4.1.0",
        "json-stable-stringify-without-jsonify": "^1.0.1",
        "levn": "^0.4.1",
        "lodash.merge": "^4.6.2",
        "minimatch": "^3.1.2",
        "natural-compare": "^1.4.0",
        "optionator": "^0.9.3",
        "strip-ansi": "^6.0.1",
        "text-table": "^0.2.0"
      },
      "bin": {
        "eslint": "bin/eslint.js"
      },
      "engines": {
        "node": "^12.22.0 || ^14.17.0 || >=16.0.0"
      },
      "funding": {
        "url": "https://opencollective.com/eslint"
      }
    },
    "node_modules/eslint-config-google": {
      "version": "0.14.0",
      "resolved": "https://registry.npmjs.org/eslint-config-google/-/eslint-config-google-0.14.0.tgz",
      "dev": true,
      "license": "Apache-2.0",
      "engines": {
        "node": ">=0.10.0"
      },
      "peerDependencies": {
        "eslint": ">=5.16.0"
      }
    },
    "node_modules/eslint-scope": {
      "version": "7.2.2",
      "resolved": "https://registry.npmjs.org/eslint-scope/-/eslint-scope-7.2.2.tgz",
      "dev": true,
      "license": "BSD-2-Clause",
      "dependencies": {
        "esrecurse": "^4.3.0",
        "estraverse": "^5.2.0"
      },
      "engines": {
        "node": "^12.22.0 || ^14.17.0 || >=16.0.0"
      },
      "funding": {
        "url": "https://www